Microsoft Visual Studio Solution File, Format Version 12.00
# Visual Studio Version 16
VisualStudioVersion = 16.0.0.0
MinimumVisualStudioVersion = 16.0.0.0
Project("{9A19103F-16F7-4668-BE54-9A1E7A4F7556}") = "BlazingPay.XamarinCommon", "BlazingPay.XamarinCommon\BlazingPay.XamarinCommon.csproj", "{A684A0BD-1755-4334-98F8-946A17EBAB24}"
EndProject
Project("{FAE04EC0-301F-11D3-BF4B-00C04F79EFBC}") = "BlazingPay.Android", "BlazingPay.Android\BlazingPay.Android.csproj", "{EAF168E4-691A-4267-B8EA-A565719EFC6E}"
EndProject
Project("{FAE04EC0-301F-11D3-BF4B-00C04F79EFBC}") = "BlazingPay.iOS", "BlazingPay.iOS\BlazingPay.iOS.csproj", "{F4335659-06C7-408D-ADCB-C0E9BF7F0936}"
EndProject
Project("{FAE04EC0-301F-11D3-BF4B-00C04F79EFBC}") = "BlazingPay.Windows", "BlazingPay.Windows\BlazingPay.Windows.csproj", "{6D63395F-FA9A-45A2-BBC9-DB0D0B182E8D}"
EndProject
Project("{FAE04EC0-301F-11D3-BF4B-00C04F79EFBC}") = "BlazingPay.macOS", "BlazingPay.macOS\BlazingPay.macOS.csproj", "{890E5DA9-12E6-46F3-A046-A1B72CE9980C}"
EndProject
Project("{FAE04EC0-301F-11D3-BF4B-00C04F79EFBC}") = "BlazingPay.UI", "BlazingPay.UI\BlazingPay.UI.csproj", "{AA178187-751C-4D38-B6BA-6312EEEF7DD3}"
EndProject
Project("{FAE04EC0-301F-11D3-BF4B-00C04F79EFBC}") = "BlazingPay.Abstractions", "BlazingPay.Abstractions\BlazingPay.Abstractions.csproj", "{54720011-3BF0-4EEA-9B66-F5FEEBA46D49}"
EndProject
Project("{FAE04EC0-301F-11D3-BF4B-00C04F79EFBC}") = "BlazingPay.WASM", "BlazingPay.WASM\BlazingPay.WASM.csproj", "{FB874D48-F7D9-483A-8422-AE77CD763AF7}"
EndProject
Project("{FAE04EC0-301F-11D3-BF4B-00C04F79EFBC}") = "BlazingPay.Server", "BlazingPay.Server\BlazingPay.Server.csproj", "{D1420C5C-17A3-4FB7-8E54-84D5A1D81F8D}"
EndProject
Project("{FAE04EC0-301F-11D3-BF4B-00C04F79EFBC}") = "BlazingPay.WebCommon", "BlazingPay.WebCommon\BlazingPay.WebCommon.csproj", "{97A6DE65-79B7-453A-97CD-C3662BCE9AE0}"
EndProject
Project("{FAE04EC0-301F-11D3-BF4B-00C04F79EFBC}") = "BlazingPay.Electron", "BlazingPay.Electron\BlazingPay.Electron.csproj", "{93286183-D27F-4BD6-AC92-C5E64AB8DD5F}"
EndProject
Global
	GlobalSection(SolutionConfigurationPlatforms) = preSolution
		Debug|Any CPU = Debug|Any CPU
		Debug|iPhone = Debug|iPhone
		Debug|iPhoneSimulator = Debug|iPhoneSimulator
		Debug|x64 = Debug|x64
		Debug|x86 = Debug|x86
		Release|Any CPU = Release|Any CPU
		Release|iPhone = Release|iPhone
		Release|iPhoneSimulator = Release|iPhoneSimulator
		Release|x64 = Release|x64
		Release|x86 = Release|x86
	EndGlobalSection
	GlobalSection(ProjectConfigurationPlatforms) = postSolution
		{EAF168E4-691A-4267-B8EA-A565719EFC6E}.Debug|Any CPU.ActiveCfg = Debug|Any CPU
		{EAF168E4-691A-4267-B8EA-A565719EFC6E}.Debug|Any CPU.Build.0 = Debug|Any CPU
		{EAF168E4-691A-4267-B8EA-A565719EFC6E}.Debug|Any CPU.Deploy.0 = Debug|Any CPU
		{EAF168E4-691A-4267-B8EA-A565719EFC6E}.Debug|iPhone.ActiveCfg = Debug|Any CPU
		{EAF168E4-691A-4267-B8EA-A565719EFC6E}.Debug|iPhone.Build.0 = Debug|Any CPU
		{EAF168E4-691A-4267-B8EA-A565719EFC6E}.Debug|iPhone.Deploy.0 = Debug|Any CPU
		{EAF168E4-691A-4267-B8EA-A565719EFC6E}.Debug|iPhoneSimulator.ActiveCfg = Debug|Any CPU
		{EAF168E4-691A-4267-B8EA-A565719EFC6E}.Debug|iPhoneSimulator.Build.0 = Debug|Any CPU
		{EAF168E4-691A-4267-B8EA-A565719EFC6E}.Debug|iPhoneSimulator.Deploy.0 = Debug|Any CPU
		{EAF168E4-691A-4267-B8EA-A565719EFC6E}.Debug|x64.ActiveCfg = Debug|Any CPU
		{EAF168E4-691A-4267-B8EA-A565719EFC6E}.Debug|x64.Build.0 = Debug|Any CPU
		{EAF168E4-691A-4267-B8EA-A565719EFC6E}.Debug|x64.Deploy.0 = Debug|Any CPU
		{EAF168E4-691A-4267-B8EA-A565719EFC6E}.Debug|x86.ActiveCfg = Debug|Any CPU
		{EAF168E4-691A-4267-B8EA-A565719EFC6E}.Debug|x86.Build.0 = Debug|Any CPU
		{EAF168E4-691A-4267-B8EA-A565719EFC6E}.Debug|x86.Deploy.0 = Debug|Any CPU
		{EAF168E4-691A-4267-B8EA-A565719EFC6E}.Release|Any CPU.ActiveCfg = Release|Any CPU
		{EAF168E4-691A-4267-B8EA-A565719EFC6E}.Release|Any CPU.Build.0 = Release|Any CPU
		{EAF168E4-691A-4267-B8EA-A565719EFC6E}.Release|Any CPU.Deploy.0 = Release|Any CPU
		{EAF168E4-691A-4267-B8EA-A565719EFC6E}.Release|iPhone.ActiveCfg = Release|Any CPU
		{EAF168E4-691A-4267-B8EA-A565719EFC6E}.Release|iPhone.Build.0 = Release|Any CPU
		{EAF168E4-691A-4267-B8EA-A565719EFC6E}.Release|iPhone.Deploy.0 = Release|Any CPU
		{EAF168E4-691A-4267-B8EA-A565719EFC6E}.Release|iPhoneSimulator.ActiveCfg = Release|Any CPU
		{EAF168E4-691A-4267-B8EA-A565719EFC6E}.Release|iPhoneSimulator.Build.0 = Release|Any CPU
		{EAF168E4-691A-4267-B8EA-A565719EFC6E}.Release|iPhoneSimulator.Deploy.0 = Release|Any CPU
		{EAF168E4-691A-4267-B8EA-A565719EFC6E}.Release|x64.ActiveCfg = Release|Any CPU
		{EAF168E4-691A-4267-B8EA-A565719EFC6E}.Release|x64.Build.0 = Release|Any CPU
		{EAF168E4-691A-4267-B8EA-A565719EFC6E}.Release|x64.Deploy.0 = Release|Any CPU
		{EAF168E4-691A-4267-B8EA-A565719EFC6E}.Release|x86.ActiveCfg = Release|Any CPU
		{EAF168E4-691A-4267-B8EA-A565719EFC6E}.Release|x86.Build.0 = Release|Any CPU
		{EAF168E4-691A-4267-B8EA-A565719EFC6E}.Release|x86.Deploy.0 = Release|Any CPU
		{A684A0BD-1755-4334-98F8-946A17EBAB24}.Debug|Any CPU.ActiveCfg = Debug|Any CPU
		{A684A0BD-1755-4334-98F8-946A17EBAB24}.Debug|Any CPU.Build.0 = Debug|Any CPU
		{A684A0BD-1755-4334-98F8-946A17EBAB24}.Debug|iPhone.ActiveCfg = Debug|Any CPU
		{A684A0BD-1755-4334-98F8-946A17EBAB24}.Debug|iPhone.Build.0 = Debug|Any CPU
		{A684A0BD-1755-4334-98F8-946A17EBAB24}.Debug|iPhoneSimulator.ActiveCfg = Debug|Any CPU
		{A684A0BD-1755-4334-98F8-946A17EBAB24}.Debug|iPhoneSimulator.Build.0 = Debug|Any CPU
		{A684A0BD-1755-4334-98F8-946A17EBAB24}.Debug|x64.ActiveCfg = Debug|Any CPU
		{A684A0BD-1755-4334-98F8-946A17EBAB24}.Debug|x64.Build.0 = Debug|Any CPU
		{A684A0BD-1755-4334-98F8-946A17EBAB24}.Debug|x86.ActiveCfg = Debug|Any CPU
		{A684A0BD-1755-4334-98F8-946A17EBAB24}.Debug|x86.Build.0 = Debug|Any CPU
		{A684A0BD-1755-4334-98F8-946A17EBAB24}.Release|Any CPU.ActiveCfg = Release|Any CPU
		{A684A0BD-1755-4334-98F8-946A17EBAB24}.Release|Any CPU.Build.0 = Release|Any CPU
		{A684A0BD-1755-4334-98F8-946A17EBAB24}.Release|iPhone.ActiveCfg = Release|Any CPU
		{A684A0BD-1755-4334-98F8-946A17EBAB24}.Release|iPhone.Build.0 = Release|Any CPU
		{A684A0BD-1755-4334-98F8-946A17EBAB24}.Release|iPhoneSimulator.ActiveCfg = Release|Any CPU
		{A684A0BD-1755-4334-98F8-946A17EBAB24}.Release|iPhoneSimulator.Build.0 = Release|Any CPU
		{A684A0BD-1755-4334-98F8-946A17EBAB24}.Release|x64.ActiveCfg = Release|Any CPU
		{A684A0BD-1755-4334-98F8-946A17EBAB24}.Release|x64.Build.0 = Release|Any CPU
		{A684A0BD-1755-4334-98F8-946A17EBAB24}.Release|x86.ActiveCfg = Release|Any CPU
		{A684A0BD-1755-4334-98F8-946A17EBAB24}.Release|x86.Build.0 = Release|Any CPU
		{F4335659-06C7-408D-ADCB-C0E9BF7F0936}.Debug|Any CPU.ActiveCfg = Debug|iPhone
		{F4335659-06C7-408D-ADCB-C0E9BF7F0936}.Debug|iPhone.ActiveCfg = Debug|iPhone
		{F4335659-06C7-408D-ADCB-C0E9BF7F0936}.Debug|iPhone.Build.0 = Debug|iPhone
		{F4335659-06C7-408D-ADCB-C0E9BF7F0936}.Debug|iPhoneSimulator.ActiveCfg = Debug|iPhoneSimulator
		{F4335659-06C7-408D-ADCB-C0E9BF7F0936}.Debug|iPhoneSimulator.Build.0 = Debug|iPhoneSimulator
		{F4335659-06C7-408D-ADCB-C0E9BF7F0936}.Debug|x64.ActiveCfg = Debug|iPhone
		{F4335659-06C7-408D-ADCB-C0E9BF7F0936}.Debug|x86.ActiveCfg = Debug|iPhone
		{F4335659-06C7-408D-ADCB-C0E9BF7F0936}.Release|Any CPU.ActiveCfg = Release|iPhone
		{F4335659-06C7-408D-ADCB-C0E9BF7F0936}.Release|iPhone.ActiveCfg = Release|iPhone
		{F4335659-06C7-408D-ADCB-C0E9BF7F0936}.Release|iPhone.Build.0 = Release|iPhone
		{F4335659-06C7-408D-ADCB-C0E9BF7F0936}.Release|iPhoneSimulator.ActiveCfg = Release|iPhoneSimulator
		{F4335659-06C7-408D-ADCB-C0E9BF7F0936}.Release|iPhoneSimulator.Build.0 = Release|iPhoneSimulator
		{F4335659-06C7-408D-ADCB-C0E9BF7F0936}.Release|x64.ActiveCfg = Release|iPhone
		{F4335659-06C7-408D-ADCB-C0E9BF7F0936}.Release|x86.ActiveCfg = Release|iPhone
		{6D63395F-FA9A-45A2-BBC9-DB0D0B182E8D}.Debug|Any CPU.ActiveCfg = Debug|Any CPU
		{6D63395F-FA9A-45A2-BBC9-DB0D0B182E8D}.Debug|Any CPU.Build.0 = Debug|Any CPU
		{6D63395F-FA9A-45A2-BBC9-DB0D0B182E8D}.Debug|iPhone.ActiveCfg = Debug|Any CPU
		{6D63395F-FA9A-45A2-BBC9-DB0D0B182E8D}.Debug|iPhone.Build.0 = Debug|Any CPU
		{6D63395F-FA9A-45A2-BBC9-DB0D0B182E8D}.Debug|iPhoneSimulator.ActiveCfg = Debug|Any CPU
		{6D63395F-FA9A-45A2-BBC9-DB0D0B182E8D}.Debug|iPhoneSimulator.Build.0 = Debug|Any CPU
		{6D63395F-FA9A-45A2-BBC9-DB0D0B182E8D}.Release|Any CPU.ActiveCfg = Release|Any CPU
		{6D63395F-FA9A-45A2-BBC9-DB0D0B182E8D}.Release|Any CPU.Build.0 = Release|Any CPU
		{6D63395F-FA9A-45A2-BBC9-DB0D0B182E8D}.Release|iPhone.ActiveCfg = Release|Any CPU
		{6D63395F-FA9A-45A2-BBC9-DB0D0B182E8D}.Release|iPhone.Build.0 = Release|Any CPU
		{6D63395F-FA9A-45A2-BBC9-DB0D0B182E8D}.Release|iPhoneSimulator.ActiveCfg = Release|Any CPU
		{6D63395F-FA9A-45A2-BBC9-DB0D0B182E8D}.Release|iPhoneSimulator.Build.0 = Release|Any CPU
		{890E5DA9-12E6-46F3-A046-A1B72CE9980C}.Debug|Any CPU.ActiveCfg = Debug|Any CPU
		{890E5DA9-12E6-46F3-A046-A1B72CE9980C}.Debug|Any CPU.Build.0 = Debug|Any CPU
		{890E5DA9-12E6-46F3-A046-A1B72CE9980C}.Debug|iPhone.ActiveCfg = Debug|Any CPU
		{890E5DA9-12E6-46F3-A046-A1B72CE9980C}.Debug|iPhone.Build.0 = Debug|Any CPU
		{890E5DA9-12E6-46F3-A046-A1B72CE9980C}.Debug|iPhoneSimulator.ActiveCfg = Debug|Any CPU
		{890E5DA9-12E6-46F3-A046-A1B72CE9980C}.Debug|iPhoneSimulator.Build.0 = Debug|Any CPU
		{890E5DA9-12E6-46F3-A046-A1B72CE9980C}.Release|Any CPU.ActiveCfg = Release|Any CPU
		{890E5DA9-12E6-46F3-A046-A1B72CE9980C}.Release|Any CPU.Build.0 = Release|Any CPU
		{890E5DA9-12E6-46F3-A046-A1B72CE9980C}.Release|iPhone.ActiveCfg = Release|Any CPU
		{890E5DA9-12E6-46F3-A046-A1B72CE9980C}.Release|iPhone.Build.0 = Release|Any CPU
		{890E5DA9-12E6-46F3-A046-A1B72CE9980C}.Release|iPhoneSimulator.ActiveCfg = Release|Any CPU
		{890E5DA9-12E6-46F3-A046-A1B72CE9980C}.Release|iPhoneSimulator.Build.0 = Release|Any CPU
		{AA178187-751C-4D38-B6BA-6312EEEF7DD3}.Debug|Any CPU.ActiveCfg = Debug|Any CPU
		{AA178187-751C-4D38-B6BA-6312EEEF7DD3}.Debug|Any CPU.Build.0 = Debug|Any CPU
		{AA178187-751C-4D38-B6BA-6312EEEF7DD3}.Debug|iPhone.ActiveCfg = Debug|Any CPU
		{AA178187-751C-4D38-B6BA-6312EEEF7DD3}.Debug|iPhone.Build.0 = Debug|Any CPU
		{AA178187-751C-4D38-B6BA-6312EEEF7DD3}.Debug|iPhoneSimulator.ActiveCfg = Debug|Any CPU
		{AA178187-751C-4D38-B6BA-6312EEEF7DD3}.Debug|iPhoneSimulator.Build.0 = Debug|Any CPU
		{AA178187-751C-4D38-B6BA-6312EEEF7DD3}.Debug|x64.ActiveCfg = Debug|Any CPU
		{AA178187-751C-4D38-B6BA-6312EEEF7DD3}.Debug|x64.Build.0 = Debug|Any CPU
		{AA178187-751C-4D38-B6BA-6312EEEF7DD3}.Debug|x86.ActiveCfg = Debug|Any CPU
		{AA178187-751C-4D38-B6BA-6312EEEF7DD3}.Debug|x86.Build.0 = Debug|Any CPU
		{AA178187-751C-4D38-B6BA-6312EEEF7DD3}.Release|Any CPU.ActiveCfg = Release|Any CPU
		{AA178187-751C-4D38-B6BA-6312EEEF7DD3}.Release|Any CPU.Build.0 = Release|Any CPU
		{AA178187-751C-4D38-B6BA-6312EEEF7DD3}.Release|iPhone.ActiveCfg = Release|Any CPU
		{AA178187-751C-4D38-B6BA-6312EEEF7DD3}.Release|iPhone.Build.0 = Release|Any CPU
		{AA178187-751C-4D38-B6BA-6312EEEF7DD3}.Release|iPhoneSimulator.ActiveCfg = Release|Any CPU
		{AA178187-751C-4D38-B6BA-6312EEEF7DD3}.Release|iPhoneSimulator.Build.0 = Release|Any CPU
		{AA178187-751C-4D38-B6BA-6312EEEF7DD3}.Release|x64.ActiveCfg = Release|Any CPU
		{AA178187-751C-4D38-B6BA-6312EEEF7DD3}.Release|x64.Build.0 = Release|Any CPU
		{AA178187-751C-4D38-B6BA-6312EEEF7DD3}.Release|x86.ActiveCfg = Release|Any CPU
		{AA178187-751C-4D38-B6BA-6312EEEF7DD3}.Release|x86.Build.0 = Release|Any CPU
		{54720011-3BF0-4EEA-9B66-F5FEEBA46D49}.Debug|Any CPU.ActiveCfg = Debug|Any CPU
		{54720011-3BF0-4EEA-9B66-F5FEEBA46D49}.Debug|Any CPU.Build.0 = Debug|Any CPU
		{54720011-3BF0-4EEA-9B66-F5FEEBA46D49}.Debug|iPhone.ActiveCfg = Debug|Any CPU
		{54720011-3BF0-4EEA-9B66-F5FEEBA46D49}.Debug|iPhone.Build.0 = Debug|Any CPU
		{54720011-3BF0-4EEA-9B66-F5FEEBA46D49}.Debug|iPhoneSimulator.ActiveCfg = Debug|Any CPU
		{54720011-3BF0-4EEA-9B66-F5FEEBA46D49}.Debug|iPhoneSimulator.Build.0 = Debug|Any CPU
		{54720011-3BF0-4EEA-9B66-F5FEEBA46D49}.Debug|x64.ActiveCfg = Debug|Any CPU
		{54720011-3BF0-4EEA-9B66-F5FEEBA46D49}.Debug|x64.Build.0 = Debug|Any CPU
		{54720011-3BF0-4EEA-9B66-F5FEEBA46D49}.Debug|x86.ActiveCfg = Debug|Any CPU
		{54720011-3BF0-4EEA-9B66-F5FEEBA46D49}.Debug|x86.Build.0 = Debug|Any CPU
		{54720011-3BF0-4EEA-9B66-F5FEEBA46D49}.Release|Any CPU.ActiveCfg = Release|Any CPU
		{54720011-3BF0-4EEA-9B66-F5FEEBA46D49}.Release|Any CPU.Build.0 = Release|Any CPU
		{54720011-3BF0-4EEA-9B66-F5FEEBA46D49}.Release|iPhone.ActiveCfg = Release|Any CPU
		{54720011-3BF0-4EEA-9B66-F5FEEBA46D49}.Release|iPhone.Build.0 = Release|Any CPU
		{54720011-3BF0-4EEA-9B66-F5FEEBA46D49}.Release|iPhoneSimulator.ActiveCfg = Release|Any CPU
		{54720011-3BF0-4EEA-9B66-F5FEEBA46D49}.Release|iPhoneSimulator.Build.0 = Release|Any CPU
		{54720011-3BF0-4EEA-9B66-F5FEEBA46D49}.Release|x64.ActiveCfg = Release|Any CPU
		{54720011-3BF0-4EEA-9B66-F5FEEBA46D49}.Release|x64.Build.0 = Release|Any CPU
		{54720011-3BF0-4EEA-9B66-F5FEEBA46D49}.Release|x86.ActiveCfg = Release|Any CPU
		{54720011-3BF0-4EEA-9B66-F5FEEBA46D49}.Release|x86.Build.0 = Release|Any CPU
		{FB874D48-F7D9-483A-8422-AE77CD763AF7}.Debug|Any CPU.ActiveCfg = Debug|Any CPU
		{FB874D48-F7D9-483A-8422-AE77CD763AF7}.Debug|Any CPU.Build.0 = Debug|Any CPU
		{FB874D48-F7D9-483A-8422-AE77CD763AF7}.Debug|iPhone.ActiveCfg = Debug|Any CPU
		{FB874D48-F7D9-483A-8422-AE77CD763AF7}.Debug|iPhone.Build.0 = Debug|Any CPU
		{FB874D48-F7D9-483A-8422-AE77CD763AF7}.Debug|iPhoneSimulator.ActiveCfg = Debug|Any CPU
		{FB874D48-F7D9-483A-8422-AE77CD763AF7}.Debug|iPhoneSimulator.Build.0 = Debug|Any CPU
		{FB874D48-F7D9-483A-8422-AE77CD763AF7}.Debug|x64.ActiveCfg = Debug|Any CPU
		{FB874D48-F7D9-483A-8422-AE77CD763AF7}.Debug|x64.Build.0 = Debug|Any CPU
		{FB874D48-F7D9-483A-8422-AE77CD763AF7}.Debug|x86.ActiveCfg = Debug|Any CPU
		{FB874D48-F7D9-483A-8422-AE77CD763AF7}.Debug|x86.Build.0 = Debug|Any CPU
		{FB874D48-F7D9-483A-8422-AE77CD763AF7}.Release|Any CPU.ActiveCfg = Release|Any CPU
		{FB874D48-F7D9-483A-8422-AE77CD763AF7}.Release|Any CPU.Build.0 = Release|Any CPU
		{FB874D48-F7D9-483A-8422-AE77CD763AF7}.Release|iPhone.ActiveCfg = Release|Any CPU
		{FB874D48-F7D9-483A-8422-AE77CD763AF7}.Release|iPhone.Build.0 = Release|Any CPU
		{FB874D48-F7D9-483A-8422-AE77CD763AF7}.Release|iPhoneSimulator.ActiveCfg = Release|Any CPU
		{FB874D48-F7D9-483A-8422-AE77CD763AF7}.Release|iPhoneSimulator.Build.0 = Release|Any CPU
		{FB874D48-F7D9-483A-8422-AE77CD763AF7}.Release|x64.ActiveCfg = Release|Any CPU
		{FB874D48-F7D9-483A-8422-AE77CD763AF7}.Release|x64.Build.0 = Release|Any CPU
		{FB874D48-F7D9-483A-8422-AE77CD763AF7}.Release|x86.ActiveCfg = Release|Any CPU
		{FB874D48-F7D9-483A-8422-AE77CD763AF7}.Release|x86.Build.0 = Release|Any CPU
		{D1420C5C-17A3-4FB7-8E54-84D5A1D81F8D}.Debug|Any CPU.ActiveCfg = Debug|Any CPU
		{D1420C5C-17A3-4FB7-8E54-84D5A1D81F8D}.Debug|Any CPU.Build.0 = Debug|Any CPU
		{D1420C5C-17A3-4FB7-8E54-84D5A1D81F8D}.Debug|iPhone.ActiveCfg = Debug|Any CPU
		{D1420C5C-17A3-4FB7-8E54-84D5A1D81F8D}.Debug|iPhone.Build.0 = Debug|Any CPU
		{D1420C5C-17A3-4FB7-8E54-84D5A1D81F8D}.Debug|iPhoneSimulator.ActiveCfg = Debug|Any CPU
		{D1420C5C-17A3-4FB7-8E54-84D5A1D81F8D}.Debug|iPhoneSimulator.Build.0 = Debug|Any CPU
		{D1420C5C-17A3-4FB7-8E54-84D5A1D81F8D}.Debug|x64.ActiveCfg = Debug|Any CPU
		{D1420C5C-17A3-4FB7-8E54-84D5A1D81F8D}.Debug|x64.Build.0 = Debug|Any CPU
		{D1420C5C-17A3-4FB7-8E54-84D5A1D81F8D}.Debug|x86.ActiveCfg = Debug|Any CPU
		{D1420C5C-17A3-4FB7-8E54-84D5A1D81F8D}.Debug|x86.Build.0 = Debug|Any CPU
		{D1420C5C-17A3-4FB7-8E54-84D5A1D81F8D}.Release|Any CPU.ActiveCfg = Release|Any CPU
		{D1420C5C-17A3-4FB7-8E54-84D5A1D81F8D}.Release|Any CPU.Build.0 = Release|Any CPU
		{D1420C5C-17A3-4FB7-8E54-84D5A1D81F8D}.Release|iPhone.ActiveCfg = Release|Any CPU
		{D1420C5C-17A3-4FB7-8E54-84D5A1D81F8D}.Release|iPhone.Build.0 = Release|Any CPU
		{D1420C5C-17A3-4FB7-8E54-84D5A1D81F8D}.Release|iPhoneSimulator.ActiveCfg = Release|Any CPU
		{D1420C5C-17A3-4FB7-8E54-84D5A1D81F8D}.Release|iPhoneSimulator.Build.0 = Release|Any CPU
		{D1420C5C-17A3-4FB7-8E54-84D5A1D81F8D}.Release|x64.ActiveCfg = Release|Any CPU
		{D1420C5C-17A3-4FB7-8E54-84D5A1D81F8D}.Release|x64.Build.0 = Release|Any CPU
		{D1420C5C-17A3-4FB7-8E54-84D5A1D81F8D}.Release|x86.ActiveCfg = Release|Any CPU
		{D1420C5C-17A3-4FB7-8E54-84D5A1D81F8D}.Release|x86.Build.0 = Release|Any CPU
		{97A6DE65-79B7-453A-97CD-C3662BCE9AE0}.Debug|Any CPU.ActiveCfg = Debug|Any CPU
		{97A6DE65-79B7-453A-97CD-C3662BCE9AE0}.Debug|Any CPU.Build.0 = Debug|Any CPU
		{97A6DE65-79B7-453A-97CD-C3662BCE9AE0}.Debug|iPhone.ActiveCfg = Debug|Any CPU
		{97A6DE65-79B7-453A-97CD-C3662BCE9AE0}.Debug|iPhone.Build.0 = Debug|Any CPU
		{97A6DE65-79B7-453A-97CD-C3662BCE9AE0}.Debug|iPhoneSimulator.ActiveCfg = Debug|Any CPU
		{97A6DE65-79B7-453A-97CD-C3662BCE9AE0}.Debug|iPhoneSimulator.Build.0 = Debug|Any CPU
		{97A6DE65-79B7-453A-97CD-C3662BCE9AE0}.Debug|x64.ActiveCfg = Debug|Any CPU
		{97A6DE65-79B7-453A-97CD-C3662BCE9AE0}.Debug|x64.Build.0 = Debug|Any CPU
		{97A6DE65-79B7-453A-97CD-C3662BCE9AE0}.Debug|x86.ActiveCfg = Debug|Any CPU
		{97A6DE65-79B7-453A-97CD-C3662BCE9AE0}.Debug|x86.Build.0 = Debug|Any CPU
		{97A6DE65-79B7-453A-97CD-C3662BCE9AE0}.Release|Any CPU.ActiveCfg = Release|Any CPU
		{97A6DE65-79B7-453A-97CD-C3662BCE9AE0}.Release|Any CPU.Build.0 = Release|Any CPU
		{97A6DE65-79B7-453A-97CD-C3662BCE9AE0}.Release|iPhone.ActiveCfg = Release|Any CPU
		{97A6DE65-79B7-453A-97CD-C3662BCE9AE0}.Release|iPhone.Build.0 = Release|Any CPU
		{97A6DE65-79B7-453A-97CD-C3662BCE9AE0}.Release|iPhoneSimulator.ActiveCfg = Release|Any CPU
		{97A6DE65-79B7-453A-97CD-C3662BCE9AE0}.Release|iPhoneSimulator.Build.0 = Release|Any CPU
		{97A6DE65-79B7-453A-97CD-C3662BCE9AE0}.Release|x64.ActiveCfg = Release|Any CPU
		{97A6DE65-79B7-453A-97CD-C3662BCE9AE0}.Release|x64.Build.0 = Release|Any CPU
		{97A6DE65-79B7-453A-97CD-C3662BCE9AE0}.Release|x86.ActiveCfg = Release|Any CPU
		{97A6DE65-79B7-453A-97CD-C3662BCE9AE0}.Release|x86.Build.0 = Release|Any CPU
		{93286183-D27F-4BD6-AC92-C5E64AB8DD5F}.Debug|Any CPU.ActiveCfg = Debug|Any CPU
		{93286183-D27F-4BD6-AC92-C5E64AB8DD5F}.Debug|Any CPU.Build.0 = Debug|Any CPU
		{93286183-D27F-4BD6-AC92-C5E64AB8DD5F}.Debug|iPhone.ActiveCfg = Debug|Any CPU
		{93286183-D27F-4BD6-AC92-C5E64AB8DD5F}.Debug|iPhone.Build.0 = Debug|Any CPU
		{93286183-D27F-4BD6-AC92-C5E64AB8DD5F}.Debug|iPhoneSimulator.ActiveCfg = Debug|Any CPU
		{93286183-D27F-4BD6-AC92-C5E64AB8DD5F}.Debug|iPhoneSimulator.Build.0 = Debug|Any CPU
		{93286183-D27F-4BD6-AC92-C5E64AB8DD5F}.Debug|x64.ActiveCfg = Debug|Any CPU
		{93286183-D27F-4BD6-AC92-C5E64AB8DD5F}.Debug|x64.Build.0 = Debug|Any CPU
		{93286183-D27F-4BD6-AC92-C5E64AB8DD5F}.Debug|x86.ActiveCfg = Debug|Any CPU
		{93286183-D27F-4BD6-AC92-C5E64AB8DD5F}.Debug|x86.Build.0 = Debug|Any CPU
		{93286183-D27F-4BD6-AC92-C5E64AB8DD5F}.Release|Any CPU.ActiveCfg = Release|Any CPU
		{93286183-D27F-4BD6-AC92-C5E64AB8DD5F}.Release|Any CPU.Build.0 = Release|Any CPU
		{93286183-D27F-4BD6-AC92-C5E64AB8DD5F}.Release|iPhone.ActiveCfg = Release|Any CPU
		{93286183-D27F-4BD6-AC92-C5E64AB8DD5F}.Release|iPhone.Build.0 = Release|Any CPU
		{93286183-D27F-4BD6-AC92-C5E64AB8DD5F}.Release|iPhoneSimulator.ActiveCfg = Release|Any CPU
		{93286183-D27F-4BD6-AC92-C5E64AB8DD5F}.Release|iPhoneSimulator.Build.0 = Release|Any CPU
		{93286183-D27F-4BD6-AC92-C5E64AB8DD5F}.Release|x64.ActiveCfg = Release|Any CPU
		{93286183-D27F-4BD6-AC92-C5E64AB8DD5F}.Release|x64.Build.0 = Release|Any CPU
		{93286183-D27F-4BD6-AC92-C5E64AB8DD5F}.Release|x86.ActiveCfg = Release|Any CPU
		{93286183-D27F-4BD6-AC92-C5E64AB8DD5F}.Release|x86.Build.0 = Release|Any CPU
	EndGlobalSection
	GlobalSection(SolutionProperties) = preSolution
		HideSolutionNode = FALSE
	EndGlobalSection
	GlobalSection(ExtensibilityGlobals) = postSolution
		SolutionGuid = {26AC9147-2342-4715-816E-C985D96FC133}
	EndGlobalSection
EndGlobal
